
Microsoft Visual Studio Solution File, Format Version 12.00
# Visual Studio Version 17
VisualStudioVersion = 17.5.33627.172
MinimumVisualStudioVersion = 10.0.40219.1
Project("{8BC9CEB8-8B4A-11D0-8D11-00A0C91BC942}") = "data_structure_9", "data_structure_9\data_structure_9.vcxproj", "{50A06284-B697-4911-94D5-F8FFF6826C76}"
EndProject
Project("{8BC9CEB8-8B4A-11D0-8D11-00A0C91BC942}") = "binarySearchTreeExample", "binarySearchTreeExample\binarySearchTreeExample.vcxproj", "{2BD85601-F32E-4D05-80CD-02F5FFED31C4}"
EndProject
Project("{8BC9CEB8-8B4A-11D0-8D11-00A0C91BC942}") = "wordList", "wordList\wordList.vcxproj", "{486F5A2A-E52C-4C37-9034-D841EF8EE0BF}"
EndProject
Global
	GlobalSection(SolutionConfigurationPlatforms) = preSolution
		Debug|x64 = Debug|x64
		Debug|x86 = Debug|x86
		Release|x64 = Release|x64
		Release|x86 = Release|x86
	EndGlobalSection
	GlobalSection(ProjectConfigurationPlatforms) = postSolution
		{50A06284-B697-4911-94D5-F8FFF6826C76}.Debug|x64.ActiveCfg = Debug|x64
		{50A06284-B697-4911-94D5-F8FFF6826C76}.Debug|x64.Build.0 = Debug|x64
		{50A06284-B697-4911-94D5-F8FFF6826C76}.Debug|x86.ActiveCfg = Debug|Win32
		{50A06284-B697-4911-94D5-F8FFF6826C76}.Debug|x86.Build.0 = Debug|Win32
		{50A06284-B697-4911-94D5-F8FFF6826C76}.Release|x64.ActiveCfg = Release|x64
		{50A06284-B697-4911-94D5-F8FFF6826C76}.Release|x64.Build.0 = Release|x64
		{50A06284-B697-4911-94D5-F8FFF6826C76}.Release|x86.ActiveCfg = Release|Win32
		{50A06284-B697-4911-94D5-F8FFF6826C76}.Release|x86.Build.0 = Release|Win32
		{2BD85601-F32E-4D05-80CD-02F5FFED31C4}.Debug|x64.ActiveCfg = Debug|x64
		{2BD85601-F32E-4D05-80CD-02F5FFED31C4}.Debug|x64.Build.0 = Debug|x64
		{2BD85601-F32E-4D05-80CD-02F5FFED31C4}.Debug|x86.ActiveCfg = Debug|Win32
		{2BD85601-F32E-4D05-80CD-02F5FFED31C4}.Debug|x86.Build.0 = Debug|Win32
		{2BD85601-F32E-4D05-80CD-02F5FFED31C4}.Release|x64.ActiveCfg = Release|x64
		{2BD85601-F32E-4D05-80CD-02F5FFED31C4}.Release|x64.Build.0 = Release|x64
		{2BD85601-F32E-4D05-80CD-02F5FFED31C4}.Release|x86.ActiveCfg = Release|Win32
		{2BD85601-F32E-4D05-80CD-02F5FFED31C4}.Release|x86.Build.0 = Release|Win32
		{486F5A2A-E52C-4C37-9034-D841EF8EE0BF}.Debug|x64.ActiveCfg = Debug|x64
		{486F5A2A-E52C-4C37-9034-D841EF8EE0BF}.Debug|x64.Build.0 = Debug|x64
		{486F5A2A-E52C-4C37-9034-D841EF8EE0BF}.Debug|x86.ActiveCfg = Debug|Win32
		{486F5A2A-E52C-4C37-9034-D841EF8EE0BF}.Debug|x86.Build.0 = Debug|Win32
		{486F5A2A-E52C-4C37-9034-D841EF8EE0BF}.Release|x64.ActiveCfg = Release|x64
		{486F5A2A-E52C-4C37-9034-D841EF8EE0BF}.Release|x64.Build.0 = Release|x64
		{486F5A2A-E52C-4C37-9034-D841EF8EE0BF}.Release|x86.ActiveCfg = Release|Win32
		{486F5A2A-E52C-4C37-9034-D841EF8EE0BF}.Release|x86.Build.0 = Release|Win32
	EndGlobalSection
	GlobalSection(SolutionProperties) = preSolution
		HideSolutionNode = FALSE
	EndGlobalSection
	GlobalSection(ExtensibilityGlobals) = postSolution
		SolutionGuid = {D2BEC2C4-404D-4160-A1B7-1F21B9371631}
	EndGlobalSection
EndGlobal
